
Microsoft Visual Studio Solution File, Format Version 12.00
# Visual Studio Version 16
VisualStudioVersion = 16.0.32228.343
MinimumVisualStudioVersion = 10.0.40219.1
Project("{9A19103F-16F7-4668-BE54-9A1E7A4F7556}") = "Console App", "Console App.csproj", "{A2A2245D-E719-4A3F-A78C-DA9953C6D1BC}"
EndProject
Global
	GlobalSection(SolutionConfigurationPlatforms) = preSolution
		Debug|Any CPU = Debug|Any CPU
		Release|Any CPU = Release|Any CPU
	EndGlobalSection
	GlobalSection(ProjectConfigurationPlatforms) = postSolution
		{A2A2245D-E719-4A3F-A78C-DA9953C6D1BC}.Debug|Any CPU.ActiveCfg = Debug|Any CPU
		{A2A2245D-E719-4A3F-A78C-DA9953C6D1BC}.Debug|Any CPU.Build.0 = Debug|Any CPU
		{A2A2245D-E719-4A3F-A78C-DA9953C6D1BC}.Release|Any CPU.ActiveCfg = Release|Any CPU
		{A2A2245D-E719-4A3F-A78C-DA9953C6D1BC}.Release|Any CPU.Build.0 = Release|Any CPU
	EndGlobalSection
	GlobalSection(SolutionProperties) = preSolution
		HideSolutionNode = FALSE
	EndGlobalSection
	GlobalSection(ExtensibilityGlobals) = postSolution
		SolutionGuid = {755FE43C-624E-4E07-AEF8-66167F7D6A53}
	EndGlobalSection
EndGlobal
